
Microsoft Visual Studio Solution File, Format Version 12.00
# Visual Studio Version 17
VisualStudioVersion = 17.0.31903.59
MinimumVisualStudioVersion = 10.0.40219.1
Project("{FAE04EC0-301F-11D3-BF4B-00C04F79EFBC}") = "ESIN.Clinic.Domain", "ESIN.Clinic.Domain\ESIN.Clinic.Domain.csproj", "{C28FAAF8-ED8A-4AC3-A67A-2E6A1E32FECB}"
EndProject
Project("{FAE04EC0-301F-11D3-BF4B-00C04F79EFBC}") = "ESIN.Clinic.Infrastructure", "ESIN.Clinic.Infrastructure\ESIN.Clinic.Infrastructure.csproj", "{40D7FAA8-9D49-4D0A-ADDB-D9129AEFE94C}"
EndProject
Project("{2150E333-8FDC-42A3-9474-1A3956D46DE8}") = "src", "src", "{AB0DA1DD-356C-4755-B502-B12E1729D868}"
EndProject
Project("{FAE04EC0-301F-11D3-BF4B-00C04F79EFBC}") = "ESIN.Clinic.Application", "ESIN.Clinic.Application\ESIN.Clinic.Application.csproj", "{C5D26ABC-9C6B-4440-99F2-7E7931282ECE}"
EndProject
Project("{FAE04EC0-301F-11D3-BF4B-00C04F79EFBC}") = "ESIN.Clinic.CrossCutting", "ESIN.Clinic.CrossCutting\ESIN.Clinic.CrossCutting.csproj", "{FBDBE31A-D084-414B-9ECB-1EBA82AE4273}"
EndProject
Project("{FAE04EC0-301F-11D3-BF4B-00C04F79EFBC}") = "ESIN.Clinic.Web", "ESIN.Clinic.Web\ESIN.Clinic.Web.csproj", "{A6D0A54F-9C96-4332-B589-4EBC909BEC96}"
EndProject
Global
	GlobalSection(SolutionConfigurationPlatforms) = preSolution
		Debug|Any CPU = Debug|Any CPU
		Release|Any CPU = Release|Any CPU
	EndGlobalSection
	GlobalSection(SolutionProperties) = preSolution
		HideSolutionNode = FALSE
	EndGlobalSection
	GlobalSection(ProjectConfigurationPlatforms) = postSolution
		{C28FAAF8-ED8A-4AC3-A67A-2E6A1E32FECB}.Debug|Any CPU.ActiveCfg = Debug|Any CPU
		{C28FAAF8-ED8A-4AC3-A67A-2E6A1E32FECB}.Debug|Any CPU.Build.0 = Debug|Any CPU
		{C28FAAF8-ED8A-4AC3-A67A-2E6A1E32FECB}.Release|Any CPU.ActiveCfg = Release|Any CPU
		{C28FAAF8-ED8A-4AC3-A67A-2E6A1E32FECB}.Release|Any CPU.Build.0 = Release|Any CPU
		{40D7FAA8-9D49-4D0A-ADDB-D9129AEFE94C}.Debug|Any CPU.ActiveCfg = Debug|Any CPU
		{40D7FAA8-9D49-4D0A-ADDB-D9129AEFE94C}.Debug|Any CPU.Build.0 = Debug|Any CPU
		{40D7FAA8-9D49-4D0A-ADDB-D9129AEFE94C}.Release|Any CPU.ActiveCfg = Release|Any CPU
		{40D7FAA8-9D49-4D0A-ADDB-D9129AEFE94C}.Release|Any CPU.Build.0 = Release|Any CPU
		{C5D26ABC-9C6B-4440-99F2-7E7931282ECE}.Debug|Any CPU.ActiveCfg = Debug|Any CPU
		{C5D26ABC-9C6B-4440-99F2-7E7931282ECE}.Debug|Any CPU.Build.0 = Debug|Any CPU
		{C5D26ABC-9C6B-4440-99F2-7E7931282ECE}.Release|Any CPU.ActiveCfg = Release|Any CPU
		{C5D26ABC-9C6B-4440-99F2-7E7931282ECE}.Release|Any CPU.Build.0 = Release|Any CPU
		{FBDBE31A-D084-414B-9ECB-1EBA82AE4273}.Debug|Any CPU.ActiveCfg = Debug|Any CPU
		{FBDBE31A-D084-414B-9ECB-1EBA82AE4273}.Debug|Any CPU.Build.0 = Debug|Any CPU
		{FBDBE31A-D084-414B-9ECB-1EBA82AE4273}.Release|Any CPU.ActiveCfg = Release|Any CPU
		{FBDBE31A-D084-414B-9ECB-1EBA82AE4273}.Release|Any CPU.Build.0 = Release|Any CPU
		{A6D0A54F-9C96-4332-B589-4EBC909BEC96}.Debug|Any CPU.ActiveCfg = Debug|Any CPU
		{A6D0A54F-9C96-4332-B589-4EBC909BEC96}.Debug|Any CPU.Build.0 = Debug|Any CPU
		{A6D0A54F-9C96-4332-B589-4EBC909BEC96}.Release|Any CPU.ActiveCfg = Release|Any CPU
		{A6D0A54F-9C96-4332-B589-4EBC909BEC96}.Release|Any CPU.Build.0 = Release|Any CPU
	EndGlobalSection
	GlobalSection(NestedProjects) = preSolution
		{C28FAAF8-ED8A-4AC3-A67A-2E6A1E32FECB} = {AB0DA1DD-356C-4755-B502-B12E1729D868}
		{40D7FAA8-9D49-4D0A-ADDB-D9129AEFE94C} = {AB0DA1DD-356C-4755-B502-B12E1729D868}
		{C5D26ABC-9C6B-4440-99F2-7E7931282ECE} = {AB0DA1DD-356C-4755-B502-B12E1729D868}
		{FBDBE31A-D084-414B-9ECB-1EBA82AE4273} = {AB0DA1DD-356C-4755-B502-B12E1729D868}
		{A6D0A54F-9C96-4332-B589-4EBC909BEC96} = {AB0DA1DD-356C-4755-B502-B12E1729D868}
	EndGlobalSection
EndGlobal
